
Microsoft Visual Studio Solution File, Format Version 12.00
# Visual Studio Version 17
VisualStudioVersion = 17.0.31903.59
MinimumVisualStudioVersion = 10.0.40219.1
Project("{2150E333-8FDC-42A3-9474-1A3956D46DE8}") = "FlightService", "FlightService", "{938381D9-AA38-AB7A-98D2-6763E39D1AB4}"
EndProject
Project("{9A19103F-16F7-4668-BE54-9A1E7A4F7556}") = "FlightService", "FlightService\FlightService.csproj", "{9495CC18-6AB4-4DA3-937C-7A9E52238478}"
EndProject
Project("{9A19103F-16F7-4668-BE54-9A1E7A4F7556}") = "BookingService", "BookingService\BookingService.csproj", "{92961AEB-31E1-4ECB-A1E3-BFFF6AD7E68D}"
EndProject
Project("{9A19103F-16F7-4668-BE54-9A1E7A4F7556}") = "AuthService", "AuthService\AuthService.csproj", "{E9B8499B-C7F3-47F5-B393-7E2DDFD48BE0}"
EndProject
Project("{9A19103F-16F7-4668-BE54-9A1E7A4F7556}") = "MessagingService", "MessagingService\MessagingService.csproj", "{ADB69065-651F-4DAB-8EDA-EF512F16D19F}"
EndProject
Project("{9A19103F-16F7-4668-BE54-9A1E7A4F7556}") = "OcelotApiGateway", "OcelotApiGateway\OcelotApiGateway.csproj", "{8BDFC439-C249-48E6-87EE-D19CA5EBD40E}"
EndProject
Global
	GlobalSection(SolutionConfigurationPlatforms) = preSolution
		Debug|Any CPU = Debug|Any CPU
		Debug|x64 = Debug|x64
		Debug|x86 = Debug|x86
		Release|Any CPU = Release|Any CPU
		Release|x64 = Release|x64
		Release|x86 = Release|x86
	EndGlobalSection
	GlobalSection(ProjectConfigurationPlatforms) = postSolution
		{9495CC18-6AB4-4DA3-937C-7A9E52238478}.Debug|Any CPU.ActiveCfg = Debug|Any CPU
		{9495CC18-6AB4-4DA3-937C-7A9E52238478}.Debug|Any CPU.Build.0 = Debug|Any CPU
		{9495CC18-6AB4-4DA3-937C-7A9E52238478}.Debug|x64.ActiveCfg = Debug|Any CPU
		{9495CC18-6AB4-4DA3-937C-7A9E52238478}.Debug|x64.Build.0 = Debug|Any CPU
		{9495CC18-6AB4-4DA3-937C-7A9E52238478}.Debug|x86.ActiveCfg = Debug|Any CPU
		{9495CC18-6AB4-4DA3-937C-7A9E52238478}.Debug|x86.Build.0 = Debug|Any CPU
		{9495CC18-6AB4-4DA3-937C-7A9E52238478}.Release|Any CPU.ActiveCfg = Release|Any CPU
		{9495CC18-6AB4-4DA3-937C-7A9E52238478}.Release|Any CPU.Build.0 = Release|Any CPU
		{9495CC18-6AB4-4DA3-937C-7A9E52238478}.Release|x64.ActiveCfg = Release|Any CPU
		{9495CC18-6AB4-4DA3-937C-7A9E52238478}.Release|x64.Build.0 = Release|Any CPU
		{9495CC18-6AB4-4DA3-937C-7A9E52238478}.Release|x86.ActiveCfg = Release|Any CPU
		{9495CC18-6AB4-4DA3-937C-7A9E52238478}.Release|x86.Build.0 = Release|Any CPU
		{92961AEB-31E1-4ECB-A1E3-BFFF6AD7E68D}.Debug|Any CPU.ActiveCfg = Debug|Any CPU
		{92961AEB-31E1-4ECB-A1E3-BFFF6AD7E68D}.Debug|Any CPU.Build.0 = Debug|Any CPU
		{92961AEB-31E1-4ECB-A1E3-BFFF6AD7E68D}.Debug|x64.ActiveCfg = Debug|Any CPU
		{92961AEB-31E1-4ECB-A1E3-BFFF6AD7E68D}.Debug|x64.Build.0 = Debug|Any CPU
		{92961AEB-31E1-4ECB-A1E3-BFFF6AD7E68D}.Debug|x86.ActiveCfg = Debug|Any CPU
		{92961AEB-31E1-4ECB-A1E3-BFFF6AD7E68D}.Debug|x86.Build.0 = Debug|Any CPU
		{92961AEB-31E1-4ECB-A1E3-BFFF6AD7E68D}.Release|Any CPU.ActiveCfg = Release|Any CPU
		{92961AEB-31E1-4ECB-A1E3-BFFF6AD7E68D}.Release|Any CPU.Build.0 = Release|Any CPU
		{92961AEB-31E1-4ECB-A1E3-BFFF6AD7E68D}.Release|x64.ActiveCfg = Release|Any CPU
		{92961AEB-31E1-4ECB-A1E3-BFFF6AD7E68D}.Release|x64.Build.0 = Release|Any CPU
		{92961AEB-31E1-4ECB-A1E3-BFFF6AD7E68D}.Release|x86.ActiveCfg = Release|Any CPU
		{92961AEB-31E1-4ECB-A1E3-BFFF6AD7E68D}.Release|x86.Build.0 = Release|Any CPU
		{E9B8499B-C7F3-47F5-B393-7E2DDFD48BE0}.Debug|Any CPU.ActiveCfg = Debug|Any CPU
		{E9B8499B-C7F3-47F5-B393-7E2DDFD48BE0}.Debug|Any CPU.Build.0 = Debug|Any CPU
		{E9B8499B-C7F3-47F5-B393-7E2DDFD48BE0}.Debug|x64.ActiveCfg = Debug|Any CPU
		{E9B8499B-C7F3-47F5-B393-7E2DDFD48BE0}.Debug|x64.Build.0 = Debug|Any CPU
		{E9B8499B-C7F3-47F5-B393-7E2DDFD48BE0}.Debug|x86.ActiveCfg = Debug|Any CPU
		{E9B8499B-C7F3-47F5-B393-7E2DDFD48BE0}.Debug|x86.Build.0 = Debug|Any CPU
		{E9B8499B-C7F3-47F5-B393-7E2DDFD48BE0}.Release|Any CPU.ActiveCfg = Release|Any CPU
		{E9B8499B-C7F3-47F5-B393-7E2DDFD48BE0}.Release|Any CPU.Build.0 = Release|Any CPU
		{E9B8499B-C7F3-47F5-B393-7E2DDFD48BE0}.Release|x64.ActiveCfg = Release|Any CPU
		{E9B8499B-C7F3-47F5-B393-7E2DDFD48BE0}.Release|x64.Build.0 = Release|Any CPU
		{E9B8499B-C7F3-47F5-B393-7E2DDFD48BE0}.Release|x86.ActiveCfg = Release|Any CPU
		{E9B8499B-C7F3-47F5-B393-7E2DDFD48BE0}.Release|x86.Build.0 = Release|Any CPU
		{ADB69065-651F-4DAB-8EDA-EF512F16D19F}.Debug|Any CPU.ActiveCfg = Debug|Any CPU
		{ADB69065-651F-4DAB-8EDA-EF512F16D19F}.Debug|Any CPU.Build.0 = Debug|Any CPU
		{ADB69065-651F-4DAB-8EDA-EF512F16D19F}.Debug|x64.ActiveCfg = Debug|Any CPU
		{ADB69065-651F-4DAB-8EDA-EF512F16D19F}.Debug|x64.Build.0 = Debug|Any CPU
		{ADB69065-651F-4DAB-8EDA-EF512F16D19F}.Debug|x86.ActiveCfg = Debug|Any CPU
		{ADB69065-651F-4DAB-8EDA-EF512F16D19F}.Debug|x86.Build.0 = Debug|Any CPU
		{ADB69065-651F-4DAB-8EDA-EF512F16D19F}.Release|Any CPU.ActiveCfg = Release|Any CPU
		{ADB69065-651F-4DAB-8EDA-EF512F16D19F}.Release|Any CPU.Build.0 = Release|Any CPU
		{ADB69065-651F-4DAB-8EDA-EF512F16D19F}.Release|x64.ActiveCfg = Release|Any CPU
		{ADB69065-651F-4DAB-8EDA-EF512F16D19F}.Release|x64.Build.0 = Release|Any CPU
		{ADB69065-651F-4DAB-8EDA-EF512F16D19F}.Release|x86.ActiveCfg = Release|Any CPU
		{ADB69065-651F-4DAB-8EDA-EF512F16D19F}.Release|x86.Build.0 = Release|Any CPU
		{8BDFC439-C249-48E6-87EE-D19CA5EBD40E}.Debug|Any CPU.ActiveCfg = Debug|Any CPU
		{8BDFC439-C249-48E6-87EE-D19CA5EBD40E}.Debug|Any CPU.Build.0 = Debug|Any CPU
		{8BDFC439-C249-48E6-87EE-D19CA5EBD40E}.Debug|x64.ActiveCfg = Debug|Any CPU
		{8BDFC439-C249-48E6-87EE-D19CA5EBD40E}.Debug|x64.Build.0 = Debug|Any CPU
		{8BDFC439-C249-48E6-87EE-D19CA5EBD40E}.Debug|x86.ActiveCfg = Debug|Any CPU
		{8BDFC439-C249-48E6-87EE-D19CA5EBD40E}.Debug|x86.Build.0 = Debug|Any CPU
		{8BDFC439-C249-48E6-87EE-D19CA5EBD40E}.Release|Any CPU.ActiveCfg = Release|Any CPU
		{8BDFC439-C249-48E6-87EE-D19CA5EBD40E}.Release|Any CPU.Build.0 = Release|Any CPU
		{8BDFC439-C249-48E6-87EE-D19CA5EBD40E}.Release|x64.ActiveCfg = Release|Any CPU
		{8BDFC439-C249-48E6-87EE-D19CA5EBD40E}.Release|x64.Build.0 = Release|Any CPU
		{8BDFC439-C249-48E6-87EE-D19CA5EBD40E}.Release|x86.ActiveCfg = Release|Any CPU
		{8BDFC439-C249-48E6-87EE-D19CA5EBD40E}.Release|x86.Build.0 = Release|Any CPU
	EndGlobalSection
	GlobalSection(SolutionProperties) = preSolution
		HideSolutionNode = FALSE
	EndGlobalSection
	GlobalSection(NestedProjects) = preSolution
		{9495CC18-6AB4-4DA3-937C-7A9E52238478} = {938381D9-AA38-AB7A-98D2-6763E39D1AB4}
		{92961AEB-31E1-4ECB-A1E3-BFFF6AD7E68D} = {938381D9-AA38-AB7A-98D2-6763E39D1AB4}
		{E9B8499B-C7F3-47F5-B393-7E2DDFD48BE0} = {938381D9-AA38-AB7A-98D2-6763E39D1AB4}
		{ADB69065-651F-4DAB-8EDA-EF512F16D19F} = {938381D9-AA38-AB7A-98D2-6763E39D1AB4}
		{8BDFC439-C249-48E6-87EE-D19CA5EBD40E} = {938381D9-AA38-AB7A-98D2-6763E39D1AB4}
	EndGlobalSection
EndGlobal
